
Microsoft Visual Studio Solution File, Format Version 12.00
# Visual Studio Version 17
VisualStudioVersion = 17.2.32602.215
MinimumVisualStudioVersion = 10.0.40219.1
Project("{9A19103F-16F7-4668-BE54-9A1E7A4F7556}") = "Wizou.EasyBot", "Wizou.EasyBot.csproj", "{C67170ED-C113-4446-BC3D-A85B863812A5}"
EndProject
Global
	GlobalSection(SolutionConfigurationPlatforms) = preSolution
		Debug|Any CPU = Debug|Any CPU
		Release|Any CPU = Release|Any CPU
	EndGlobalSection
	GlobalSection(ProjectConfigurationPlatforms) = postSolution
		{C67170ED-C113-4446-BC3D-A85B863812A5}.Debug|Any CPU.ActiveCfg = Debug|Any CPU
		{C67170ED-C113-4446-BC3D-A85B863812A5}.Debug|Any CPU.Build.0 = Debug|Any CPU
		{C67170ED-C113-4446-BC3D-A85B863812A5}.Release|Any CPU.ActiveCfg = Release|Any CPU
		{C67170ED-C113-4446-BC3D-A85B863812A5}.Release|Any CPU.Build.0 = Release|Any CPU
	EndGlobalSection
	GlobalSection(SolutionProperties) = preSolution
		HideSolutionNode = FALSE
	EndGlobalSection
	GlobalSection(ExtensibilityGlobals) = postSolution
		SolutionGuid = {3BF210B3-FA6C-4711-B895-744B51BC2087}
	EndGlobalSection
EndGlobal
